
Microsoft Visual Studio Solution File, Format Version 12.00
# Visual Studio Version 17
VisualStudioVersion = 17.5.002.0
MinimumVisualStudioVersion = 10.0.40219.1
Project("{9A19103F-16F7-4668-BE54-9A1E7A4F7556}") = "ClassManager.Data", "ClassManager.Data\ClassManager.Data.csproj", "{9452DDD3-3B2C-4D5F-89CA-A1263E922248}"
EndProject
Project("{9A19103F-16F7-4668-BE54-9A1E7A4F7556}") = "ClassManager.Tests", "ClassManager.Tests\ClassManager.Tests.csproj", "{F96D53A4-1356-41C9-96B7-8DB12C8914E4}"
EndProject
Project("{9A19103F-16F7-4668-BE54-9A1E7A4F7556}") = "ClassManager.Shared", "ClassManager.Shared\ClassManager.Shared.csproj", "{5D60580A-8BF3-427B-8F38-C73902F7D94E}"
EndProject
Project("{9A19103F-16F7-4668-BE54-9A1E7A4F7556}") = "ClassManager.Domain", "ClassManager.Domain\ClassManager.Domain.csproj", "{4CEAC0C3-BCDA-458D-8E97-156DF69F94B9}"
EndProject
Project("{9A19103F-16F7-4668-BE54-9A1E7A4F7556}") = "ClassManager.Api", "ClassManager.Api\ClassManager.Api.csproj", "{A5F6D869-A30B-41AC-99E5-EB0D0AC6FC89}"
EndProject
Global
	GlobalSection(SolutionConfigurationPlatforms) = preSolution
		Debug|Any CPU = Debug|Any CPU
		Release|Any CPU = Release|Any CPU
	EndGlobalSection
	GlobalSection(ProjectConfigurationPlatforms) = postSolution
		{9452DDD3-3B2C-4D5F-89CA-A1263E922248}.Debug|Any CPU.ActiveCfg = Debug|Any CPU
		{9452DDD3-3B2C-4D5F-89CA-A1263E922248}.Debug|Any CPU.Build.0 = Debug|Any CPU
		{9452DDD3-3B2C-4D5F-89CA-A1263E922248}.Release|Any CPU.ActiveCfg = Release|Any CPU
		{9452DDD3-3B2C-4D5F-89CA-A1263E922248}.Release|Any CPU.Build.0 = Release|Any CPU
		{F96D53A4-1356-41C9-96B7-8DB12C8914E4}.Debug|Any CPU.ActiveCfg = Debug|Any CPU
		{F96D53A4-1356-41C9-96B7-8DB12C8914E4}.Debug|Any CPU.Build.0 = Debug|Any CPU
		{F96D53A4-1356-41C9-96B7-8DB12C8914E4}.Release|Any CPU.ActiveCfg = Release|Any CPU
		{F96D53A4-1356-41C9-96B7-8DB12C8914E4}.Release|Any CPU.Build.0 = Release|Any CPU
		{5D60580A-8BF3-427B-8F38-C73902F7D94E}.Debug|Any CPU.ActiveCfg = Debug|Any CPU
		{5D60580A-8BF3-427B-8F38-C73902F7D94E}.Debug|Any CPU.Build.0 = Debug|Any CPU
		{5D60580A-8BF3-427B-8F38-C73902F7D94E}.Release|Any CPU.ActiveCfg = Release|Any CPU
		{5D60580A-8BF3-427B-8F38-C73902F7D94E}.Release|Any CPU.Build.0 = Release|Any CPU
		{4CEAC0C3-BCDA-458D-8E97-156DF69F94B9}.Debug|Any CPU.ActiveCfg = Debug|Any CPU
		{4CEAC0C3-BCDA-458D-8E97-156DF69F94B9}.Debug|Any CPU.Build.0 = Debug|Any CPU
		{4CEAC0C3-BCDA-458D-8E97-156DF69F94B9}.Release|Any CPU.ActiveCfg = Release|Any CPU
		{4CEAC0C3-BCDA-458D-8E97-156DF69F94B9}.Release|Any CPU.Build.0 = Release|Any CPU
		{A5F6D869-A30B-41AC-99E5-EB0D0AC6FC89}.Debug|Any CPU.ActiveCfg = Debug|Any CPU
		{A5F6D869-A30B-41AC-99E5-EB0D0AC6FC89}.Debug|Any CPU.Build.0 = Debug|Any CPU
		{A5F6D869-A30B-41AC-99E5-EB0D0AC6FC89}.Release|Any CPU.ActiveCfg = Release|Any CPU
		{A5F6D869-A30B-41AC-99E5-EB0D0AC6FC89}.Release|Any CPU.Build.0 = Release|Any CPU
	EndGlobalSection
	GlobalSection(SolutionProperties) = preSolution
		HideSolutionNode = FALSE
	EndGlobalSection
	GlobalSection(ExtensibilityGlobals) = postSolution
		SolutionGuid = {52484980-D16C-402F-98A4-D6B387E43EE0}
	EndGlobalSection
EndGlobal
